{
  "name": "detector-de-moedas-de-1-real-e-50-centavos-wasm-v23",
  "version": "1.0.0",
  "lockfileVersion": 3,
  "requires": true,
  "packages": {
    "": {
      "name": "detector-de-moedas-de-1-real-e-50-centavos-wasm-v23",
      "version": "1.0.0",
      "license": "ISC",
      "dependencies": {
        "detector-de-moedas-de-1-real-e-50-centavos-wasm-v23": "file:"
      }
    },
    "node_modules/detector-de-moedas-de-1-real-e-50-centavos-wasm-v23": {
      "resolved": "",
      "link": true
    }
  }
}
